
Microsoft Visual Studio Solution File, Format Version 12.00
# Visual Studio Version 17
VisualStudioVersion = 17.13.35806.99
MinimumVisualStudioVersion = 10.0.40219.1
Project("{FAE04EC0-301F-11D3-BF4B-00C04F79EFBC}") = "calendar-service", "calendar-service.csproj", "{B8900B5C-F3A3-45D2-8F6C-9CD95BC26545}"
EndProject
Project("{FAE04EC0-301F-11D3-BF4B-00C04F79EFBC}") = "notification-service", "..\notification-service\notification-service.csproj", "{6FCB1992-8FC5-44F1-9736-2DE4217E59CB}"
EndProject
Global
	GlobalSection(SolutionConfigurationPlatforms) = preSolution
		Debug|Any CPU = Debug|Any CPU
		Debug|x64 = Debug|x64
		Debug|x86 = Debug|x86
		Release|Any CPU = Release|Any CPU
		Release|x64 = Release|x64
		Release|x86 = Release|x86
	EndGlobalSection
	GlobalSection(ProjectConfigurationPlatforms) = postSolution
		{B8900B5C-F3A3-45D2-8F6C-9CD95BC26545}.Debug|Any CPU.ActiveCfg = Debug|Any CPU
		{B8900B5C-F3A3-45D2-8F6C-9CD95BC26545}.Debug|Any CPU.Build.0 = Debug|Any CPU
		{B8900B5C-F3A3-45D2-8F6C-9CD95BC26545}.Debug|x64.ActiveCfg = Debug|Any CPU
		{B8900B5C-F3A3-45D2-8F6C-9CD95BC26545}.Debug|x64.Build.0 = Debug|Any CPU
		{B8900B5C-F3A3-45D2-8F6C-9CD95BC26545}.Debug|x86.ActiveCfg = Debug|Any CPU
		{B8900B5C-F3A3-45D2-8F6C-9CD95BC26545}.Debug|x86.Build.0 = Debug|Any CPU
		{B8900B5C-F3A3-45D2-8F6C-9CD95BC26545}.Release|Any CPU.ActiveCfg = Release|Any CPU
		{B8900B5C-F3A3-45D2-8F6C-9CD95BC26545}.Release|Any CPU.Build.0 = Release|Any CPU
		{B8900B5C-F3A3-45D2-8F6C-9CD95BC26545}.Release|x64.ActiveCfg = Release|Any CPU
		{B8900B5C-F3A3-45D2-8F6C-9CD95BC26545}.Release|x64.Build.0 = Release|Any CPU
		{B8900B5C-F3A3-45D2-8F6C-9CD95BC26545}.Release|x86.ActiveCfg = Release|Any CPU
		{B8900B5C-F3A3-45D2-8F6C-9CD95BC26545}.Release|x86.Build.0 = Release|Any CPU
		{6FCB1992-8FC5-44F1-9736-2DE4217E59CB}.Debug|Any CPU.ActiveCfg = Debug|Any CPU
		{6FCB1992-8FC5-44F1-9736-2DE4217E59CB}.Debug|Any CPU.Build.0 = Debug|Any CPU
		{6FCB1992-8FC5-44F1-9736-2DE4217E59CB}.Debug|x64.ActiveCfg = Debug|Any CPU
		{6FCB1992-8FC5-44F1-9736-2DE4217E59CB}.Debug|x64.Build.0 = Debug|Any CPU
		{6FCB1992-8FC5-44F1-9736-2DE4217E59CB}.Debug|x86.ActiveCfg = Debug|Any CPU
		{6FCB1992-8FC5-44F1-9736-2DE4217E59CB}.Debug|x86.Build.0 = Debug|Any CPU
		{6FCB1992-8FC5-44F1-9736-2DE4217E59CB}.Release|Any CPU.ActiveCfg = Release|Any CPU
		{6FCB1992-8FC5-44F1-9736-2DE4217E59CB}.Release|Any CPU.Build.0 = Release|Any CPU
		{6FCB1992-8FC5-44F1-9736-2DE4217E59CB}.Release|x64.ActiveCfg = Release|Any CPU
		{6FCB1992-8FC5-44F1-9736-2DE4217E59CB}.Release|x64.Build.0 = Release|Any CPU
		{6FCB1992-8FC5-44F1-9736-2DE4217E59CB}.Release|x86.ActiveCfg = Release|Any CPU
		{6FCB1992-8FC5-44F1-9736-2DE4217E59CB}.Release|x86.Build.0 = Release|Any CPU
	EndGlobalSection
	GlobalSection(SolutionProperties) = preSolution
		HideSolutionNode = FALSE
	EndGlobalSection
	GlobalSection(ExtensibilityGlobals) = postSolution
		SolutionGuid = {02BC37AA-CDEE-4FCF-A1B9-B76D61F25FA6}
	EndGlobalSection
EndGlobal
